
Microsoft Visual Studio Solution File, Format Version 12.00
# Visual Studio Version 17
VisualStudioVersion = 17.14.37411.7
MinimumVisualStudioVersion = 10.0.40219.1
Project("{FAE04EC0-301F-11D3-BF4B-00C04F79EFBC}") = "SH.Action-Expander", "Action-Expander\SH.Action-Expander.csproj", "{A3ED98EB-245E-4FE4-A76D-05A9A23424C9}"
EndProject
Project("{8BC9CEB8-8B4A-11D0-8D11-00A0C91BC942}") = "SH-Action-Expander", "SH-Action-Expander\SH-Action-Expander.vcxproj", "{470CCE3E-F83F-483E-820E-BB7C38767AB1}"
	ProjectSection(ProjectDependencies) = postProject
		{6DC57D0B-0896-4DFA-868A-AAE968EBE28C} = {6DC57D0B-0896-4DFA-868A-AAE968EBE28C}
	EndProjectSection
EndProject
Project("{8BC9CEB8-8B4A-11D0-8D11-00A0C91BC942}") = "Heroes-SDK-Plus", "Heroes-SDK-Plus\Heroes-SDK-Plus\Heroes-SDK-Plus.vcxproj", "{6DC57D0B-0896-4DFA-868A-AAE968EBE28C}"
EndProject
Global
	GlobalSection(SolutionConfigurationPlatforms) = preSolution
		Debug|Any CPU = Debug|Any CPU
		Debug|x86 = Debug|x86
		Release|Any CPU = Release|Any CPU
		Release|x86 = Release|x86
	EndGlobalSection
	GlobalSection(ProjectConfigurationPlatforms) = postSolution
		{A3ED98EB-245E-4FE4-A76D-05A9A23424C9}.Debug|Any CPU.ActiveCfg = Debug|Any CPU
		{A3ED98EB-245E-4FE4-A76D-05A9A23424C9}.Debug|Any CPU.Build.0 = Debug|Any CPU
		{A3ED98EB-245E-4FE4-A76D-05A9A23424C9}.Debug|x86.ActiveCfg = Debug|Any CPU
		{A3ED98EB-245E-4FE4-A76D-05A9A23424C9}.Debug|x86.Build.0 = Debug|Any CPU
		{A3ED98EB-245E-4FE4-A76D-05A9A23424C9}.Release|Any CPU.ActiveCfg = Release|Any CPU
		{A3ED98EB-245E-4FE4-A76D-05A9A23424C9}.Release|Any CPU.Build.0 = Release|Any CPU
		{A3ED98EB-245E-4FE4-A76D-05A9A23424C9}.Release|x86.ActiveCfg = Release|Any CPU
		{A3ED98EB-245E-4FE4-A76D-05A9A23424C9}.Release|x86.Build.0 = Release|Any CPU
		{470CCE3E-F83F-483E-820E-BB7C38767AB1}.Debug|Any CPU.ActiveCfg = Debug|Win32
		{470CCE3E-F83F-483E-820E-BB7C38767AB1}.Debug|x86.ActiveCfg = Debug|Win32
		{470CCE3E-F83F-483E-820E-BB7C38767AB1}.Debug|x86.Build.0 = Debug|Win32
		{470CCE3E-F83F-483E-820E-BB7C38767AB1}.Release|Any CPU.ActiveCfg = Release|Win32
		{470CCE3E-F83F-483E-820E-BB7C38767AB1}.Release|x86.ActiveCfg = Release|Win32
		{470CCE3E-F83F-483E-820E-BB7C38767AB1}.Release|x86.Build.0 = Release|Win32
		{6DC57D0B-0896-4DFA-868A-AAE968EBE28C}.Debug|Any CPU.ActiveCfg = Debug|Win32
		{6DC57D0B-0896-4DFA-868A-AAE968EBE28C}.Debug|Any CPU.Build.0 = Debug|Win32
		{6DC57D0B-0896-4DFA-868A-AAE968EBE28C}.Debug|x86.ActiveCfg = Debug|Win32
		{6DC57D0B-0896-4DFA-868A-AAE968EBE28C}.Debug|x86.Build.0 = Debug|Win32
		{6DC57D0B-0896-4DFA-868A-AAE968EBE28C}.Release|Any CPU.ActiveCfg = Release|Win32
		{6DC57D0B-0896-4DFA-868A-AAE968EBE28C}.Release|Any CPU.Build.0 = Release|Win32
		{6DC57D0B-0896-4DFA-868A-AAE968EBE28C}.Release|x86.ActiveCfg = Release|Win32
		{6DC57D0B-0896-4DFA-868A-AAE968EBE28C}.Release|x86.Build.0 = Release|Win32
	EndGlobalSection
	GlobalSection(SolutionProperties) = preSolution
		HideSolutionNode = FALSE
	EndGlobalSection
	GlobalSection(ExtensibilityGlobals) = postSolution
		SolutionGuid = {C7184F42-A4A3-4093-9FFF-6E3A399C161D}
	EndGlobalSection
EndGlobal
